
Microsoft Visual Studio Solution File, Format Version 12.00
# Visual Studio Version 16
VisualStudioVersion = 16.0.31129.286
MinimumVisualStudioVersion = 10.0.40219.1
Project("{FAE04EC0-301F-11D3-BF4B-00C04F79EFBC}") = "Day1_variables", "Day1_variables\Day1_variables.csproj", "{2308B40C-0727-4325-B0FC-EDE4A5820CA1}"
EndProject
Global
	GlobalSection(SolutionConfigurationPlatforms) = preSolution
		Debug|Any CPU = Debug|Any CPU
		Release|Any CPU = Release|Any CPU
	EndGlobalSection
	GlobalSection(ProjectConfigurationPlatforms) = postSolution
		{2308B40C-0727-4325-B0FC-EDE4A5820CA1}.Debug|Any CPU.ActiveCfg = Debug|Any CPU
		{2308B40C-0727-4325-B0FC-EDE4A5820CA1}.Debug|Any CPU.Build.0 = Debug|Any CPU
		{2308B40C-0727-4325-B0FC-EDE4A5820CA1}.Release|Any CPU.ActiveCfg = Release|Any CPU
		{2308B40C-0727-4325-B0FC-EDE4A5820CA1}.Release|Any CPU.Build.0 = Release|Any CPU
	EndGlobalSection
	GlobalSection(SolutionProperties) = preSolution
		HideSolutionNode = FALSE
	EndGlobalSection
	GlobalSection(ExtensibilityGlobals) = postSolution
		SolutionGuid = {95844670-62B3-44F1-8867-B48199E9308D}
	EndGlobalSection
EndGlobal
