
Microsoft Visual Studio Solution File, Format Version 12.00
# Visual Studio Version 16
VisualStudioVersion = 16.0.31702.278
MinimumVisualStudioVersion = 10.0.40219.1
Project("{FAE04EC0-301F-11D3-BF4B-00C04F79EFBC}") = "Day19_homework", "Day19_homework\Day19_homework.csproj", "{F7A89969-DCD4-4782-9D88-E67889EB5FC4}"
EndProject
Global
	GlobalSection(SolutionConfigurationPlatforms) = preSolution
		Debug|Any CPU = Debug|Any CPU
		Release|Any CPU = Release|Any CPU
	EndGlobalSection
	GlobalSection(ProjectConfigurationPlatforms) = postSolution
		{F7A89969-DCD4-4782-9D88-E67889EB5FC4}.Debug|Any CPU.ActiveCfg = Debug|Any CPU
		{F7A89969-DCD4-4782-9D88-E67889EB5FC4}.Debug|Any CPU.Build.0 = Debug|Any CPU
		{F7A89969-DCD4-4782-9D88-E67889EB5FC4}.Release|Any CPU.ActiveCfg = Release|Any CPU
		{F7A89969-DCD4-4782-9D88-E67889EB5FC4}.Release|Any CPU.Build.0 = Release|Any CPU
	EndGlobalSection
	GlobalSection(SolutionProperties) = preSolution
		HideSolutionNode = FALSE
	EndGlobalSection
	GlobalSection(ExtensibilityGlobals) = postSolution
		SolutionGuid = {3AEB7060-52AB-4766-A2C3-C6605D046645}
	EndGlobalSection
EndGlobal
