
Microsoft Visual Studio Solution File, Format Version 12.00
# Visual Studio Version 16
VisualStudioVersion = 16.0.31129.286
MinimumVisualStudioVersion = 10.0.40219.1
Project("{FAE04EC0-301F-11D3-BF4B-00C04F79EFBC}") = "Day8_while", "Day8_while\Day8_while.csproj", "{4CF7A990-1FBB-41F2-9269-C42B94443183}"
EndProject
Global
	GlobalSection(SolutionConfigurationPlatforms) = preSolution
		Debug|Any CPU = Debug|Any CPU
		Release|Any CPU = Release|Any CPU
	EndGlobalSection
	GlobalSection(ProjectConfigurationPlatforms) = postSolution
		{4CF7A990-1FBB-41F2-9269-C42B94443183}.Debug|Any CPU.ActiveCfg = Debug|Any CPU
		{4CF7A990-1FBB-41F2-9269-C42B94443183}.Debug|Any CPU.Build.0 = Debug|Any CPU
		{4CF7A990-1FBB-41F2-9269-C42B94443183}.Release|Any CPU.ActiveCfg = Release|Any CPU
		{4CF7A990-1FBB-41F2-9269-C42B94443183}.Release|Any CPU.Build.0 = Release|Any CPU
	EndGlobalSection
	GlobalSection(SolutionProperties) = preSolution
		HideSolutionNode = FALSE
	EndGlobalSection
	GlobalSection(ExtensibilityGlobals) = postSolution
		SolutionGuid = {6653C961-4D88-466F-9AF8-C7C274B0B8C3}
	EndGlobalSection
EndGlobal
