
Microsoft Visual Studio Solution File, Format Version 12.00
# Visual Studio Version 16
VisualStudioVersion = 16.0.31129.286
MinimumVisualStudioVersion = 10.0.40219.1
Project("{FAE04EC0-301F-11D3-BF4B-00C04F79EFBC}") = "Day11_arrays", "Day11_arrays\Day11_arrays.csproj", "{766183AB-E9F2-48C6-91F7-842F879E7E73}"
EndProject
Global
	GlobalSection(SolutionConfigurationPlatforms) = preSolution
		Debug|Any CPU = Debug|Any CPU
		Release|Any CPU = Release|Any CPU
	EndGlobalSection
	GlobalSection(ProjectConfigurationPlatforms) = postSolution
		{766183AB-E9F2-48C6-91F7-842F879E7E73}.Debug|Any CPU.ActiveCfg = Debug|Any CPU
		{766183AB-E9F2-48C6-91F7-842F879E7E73}.Debug|Any CPU.Build.0 = Debug|Any CPU
		{766183AB-E9F2-48C6-91F7-842F879E7E73}.Release|Any CPU.ActiveCfg = Release|Any CPU
		{766183AB-E9F2-48C6-91F7-842F879E7E73}.Release|Any CPU.Build.0 = Release|Any CPU
	EndGlobalSection
	GlobalSection(SolutionProperties) = preSolution
		HideSolutionNode = FALSE
	EndGlobalSection
	GlobalSection(ExtensibilityGlobals) = postSolution
		SolutionGuid = {2D1A1827-91B8-4A36-9664-5A65DE6BC7F3}
	EndGlobalSection
EndGlobal
