
Microsoft Visual Studio Solution File, Format Version 12.00
# Visual Studio Version 16
VisualStudioVersion = 16.0.31702.278
MinimumVisualStudioVersion = 10.0.40219.1
Project("{FAE04EC0-301F-11D3-BF4B-00C04F79EFBC}") = "Day32", "Day32\Day32.csproj", "{D65E2BFA-5166-4998-ABA1-23F98A8AB41C}"
EndProject
Global
	GlobalSection(SolutionConfigurationPlatforms) = preSolution
		Debug|Any CPU = Debug|Any CPU
		Release|Any CPU = Release|Any CPU
	EndGlobalSection
	GlobalSection(ProjectConfigurationPlatforms) = postSolution
		{D65E2BFA-5166-4998-ABA1-23F98A8AB41C}.Debug|Any CPU.ActiveCfg = Debug|Any CPU
		{D65E2BFA-5166-4998-ABA1-23F98A8AB41C}.Debug|Any CPU.Build.0 = Debug|Any CPU
		{D65E2BFA-5166-4998-ABA1-23F98A8AB41C}.Release|Any CPU.ActiveCfg = Release|Any CPU
		{D65E2BFA-5166-4998-ABA1-23F98A8AB41C}.Release|Any CPU.Build.0 = Release|Any CPU
	EndGlobalSection
	GlobalSection(SolutionProperties) = preSolution
		HideSolutionNode = FALSE
	EndGlobalSection
	GlobalSection(ExtensibilityGlobals) = postSolution
		SolutionGuid = {234AAB9E-31BF-4AF6-B05C-1A07C4D00D3D}
	EndGlobalSection
EndGlobal
